
Microsoft Visual Studio Solution File, Format Version 12.00
# Visual Studio Version 17
VisualStudioVersion = 17.12.35101.237
MinimumVisualStudioVersion = 10.0.40219.1
Project("{2150E333-8FDC-42A3-9474-1A3956D46DE8}") = "src", "src", "{414151D4-7009-4E78-A5C6-D99EBD1E67D1}"
EndProject
Project("{9A19103F-16F7-4668-BE54-9A1E7A4F7556}") = "CommunityToolkit.Aspire.Hosting.Java", "src\CommunityToolkit.Aspire.Hosting.Java\CommunityToolkit.Aspire.Hosting.Java.csproj", "{DAA67050-44B3-458F-9818-5877D606866A}"
EndProject
Project("{9A19103F-16F7-4668-BE54-9A1E7A4F7556}") = "CommunityToolkit.Aspire.Hosting.Azure.StaticWebApps", "src\CommunityToolkit.Aspire.Hosting.Azure.StaticWebApps\CommunityToolkit.Aspire.Hosting.Azure.StaticWebApps.csproj", "{125DFA83-328D-4F8B-91EC-3057FFF410BE}"
EndProject
Project("{2150E333-8FDC-42A3-9474-1A3956D46DE8}") = "examples", "examples", "{8519CC01-1370-47C8-AD94-B0F326B1563F}"
EndProject
Project("{2150E333-8FDC-42A3-9474-1A3956D46DE8}") = "java", "java", "{F120E99A-FB2A-4C3B-B588-9B7ED1CD4E8A}"
EndProject
Project("{9A19103F-16F7-4668-BE54-9A1E7A4F7556}") = "CommunityToolkit.Aspire.Hosting.Java.WebApp", "examples\java\CommunityToolkit.Aspire.Hosting.Java.WebApp\CommunityToolkit.Aspire.Hosting.Java.WebApp.csproj", "{3D767C8C-7E04-4264-B4E9-13600650D2B1}"
EndProject
Project("{9A19103F-16F7-4668-BE54-9A1E7A4F7556}") = "CommunityToolkit.Aspire.Hosting.Java.ApiApp", "examples\java\CommunityToolkit.Aspire.Hosting.Java.ApiApp\CommunityToolkit.Aspire.Hosting.Java.ApiApp.csproj", "{34602A2D-24B2-47C0-9678-F1F7CD6C8C6D}"
EndProject
Project("{9A19103F-16F7-4668-BE54-9A1E7A4F7556}") = "CommunityToolkit.Aspire.Hosting.Java.AppHost", "examples\java\CommunityToolkit.Aspire.Hosting.Java.AppHost\CommunityToolkit.Aspire.Hosting.Java.AppHost.csproj", "{55AC8E7E-DA0A-489D-8059-4E7190C9EEBF}"
EndProject
Project("{9A19103F-16F7-4668-BE54-9A1E7A4F7556}") = "CommunityToolkit.Aspire.Hosting.Java.ServiceDefaults", "examples\java\CommunityToolkit.Aspire.Hosting.Java.ServiceDefaults\CommunityToolkit.Aspire.Hosting.Java.ServiceDefaults.csproj", "{BBAFA814-1026-4A39-AA28-BCAE3951A224}"
EndProject
Project("{2150E333-8FDC-42A3-9474-1A3956D46DE8}") = "tests", "tests", "{899F0713-7FC6-4750-BAFC-AC650B35B453}"
EndProject
Project("{9A19103F-16F7-4668-BE54-9A1E7A4F7556}") = "CommunityToolkit.Aspire.Hosting.Java.Tests", "tests\CommunityToolkit.Aspire.Hosting.Java.Tests\CommunityToolkit.Aspire.Hosting.Java.Tests.csproj", "{E2905A71-E25D-46FC-A128-D6A366D4D751}"
EndProject
Project("{9A19103F-16F7-4668-BE54-9A1E7A4F7556}") = "CommunityToolkit.Aspire.Hosting.Azure.StaticWebApps.Tests", "tests\CommunityToolkit.Aspire.Hosting.Azure.StaticWebApps.Tests\CommunityToolkit.Aspire.Hosting.Azure.StaticWebApps.Tests.csproj", "{1B55E682-B518-4E59-8972-07C82ED5A677}"
EndProject
Project("{9A19103F-16F7-4668-BE54-9A1E7A4F7556}") = "CommunityToolkit.Aspire.Testing", "tests\CommunityToolkit.Aspire.Testing\CommunityToolkit.Aspire.Testing.csproj", "{4C1D5422-4C52-4603-A01A-E1E6304633EC}"
EndProject
Project("{2150E333-8FDC-42A3-9474-1A3956D46DE8}") = "swa", "swa", "{564FA6A0-EC54-41C6-A35F-89890E1D06E3}"
EndProject
Project("{9A19103F-16F7-4668-BE54-9A1E7A4F7556}") = "CommunityToolkit.Aspire.StaticWebApps.AppHost", "examples\swa\CommunityToolkit.Aspire.StaticWebApps.AppHost\CommunityToolkit.Aspire.StaticWebApps.AppHost.csproj", "{C083A377-13CA-47C1-8B17-1FE353EA76F0}"
EndProject
Project("{9A19103F-16F7-4668-BE54-9A1E7A4F7556}") = "CommunityToolkit.Aspire.StaticWebApps.ApiApp", "examples\swa\CommunityToolkit.Aspire.StaticWebApps.ApiApp\CommunityToolkit.Aspire.StaticWebApps.ApiApp.csproj", "{BAEA0F6F-39E9-4893-8787-C4D292D3B169}"
EndProject
Project("{9A19103F-16F7-4668-BE54-9A1E7A4F7556}") = "CommunityToolkit.Aspire.StaticWebApps.ServiceDefaults", "examples\swa\CommunityToolkit.Aspire.StaticWebApps.ServiceDefaults\CommunityToolkit.Aspire.StaticWebApps.ServiceDefaults.csproj", "{83FF8083-7EE2-4196-86A8-239F921B443C}"
EndProject
Project("{9A19103F-16F7-4668-BE54-9A1E7A4F7556}") = "CommunityToolkit.Aspire.Hosting.NodeJS.Extensions", "src\CommunityToolkit.Aspire.Hosting.NodeJS.Extensions\CommunityToolkit.Aspire.Hosting.NodeJS.Extensions.csproj", "{1F299343-30DF-4599-A95D-BCFB1754DA48}"
EndProject
Project("{2150E333-8FDC-42A3-9474-1A3956D46DE8}") = "nodejs-ext", "nodejs-ext", "{261AC321-8982-4C3A-8DBF-DAFC95F97697}"
EndProject
Project("{9A19103F-16F7-4668-BE54-9A1E7A4F7556}") = "CommunityToolkit.Aspire.Hosting.NodeJS.Extensions.AppHost", "examples\nodejs-ext\CommunityToolkit.Aspire.Hosting.NodeJS.Extensions.AppHost\CommunityToolkit.Aspire.Hosting.NodeJS.Extensions.AppHost.csproj", "{D3F5EF2B-CE37-4339-A8BD-50E6C5B2AFA1}"
EndProject
Project("{9A19103F-16F7-4668-BE54-9A1E7A4F7556}") = "CommunityToolkit.Aspire.Hosting.NodeJS.Extensions.Tests", "tests\CommunityToolkit.Aspire.Hosting.NodeJS.Extensions.Tests\CommunityToolkit.Aspire.Hosting.NodeJS.Extensions.Tests.csproj", "{E8F93376-1367-4A7B-A729-116199804356}"
EndProject
Project("{9A19103F-16F7-4668-BE54-9A1E7A4F7556}") = "CommunityToolkit.Aspire.Hosting.Ollama", "src\CommunityToolkit.Aspire.Hosting.Ollama\CommunityToolkit.Aspire.Hosting.Ollama.csproj", "{6C6696CB-8DCC-4E93-A667-A313D70E0220}"
EndProject
Project("{9A19103F-16F7-4668-BE54-9A1E7A4F7556}") = "CommunityToolkit.Aspire.Hosting.Ollama.Tests", "tests\CommunityToolkit.Aspire.Hosting.Ollama.Tests\CommunityToolkit.Aspire.Hosting.Ollama.Tests.csproj", "{1DB27FA0-E7E4-42C1-B062-4DE0128D4FA1}"
EndProject
Project("{2150E333-8FDC-42A3-9474-1A3956D46DE8}") = "ollama", "ollama", "{14BD8AE7-C8DF-4C7C-8244-7F74C101569D}"
EndProject
Project("{9A19103F-16F7-4668-BE54-9A1E7A4F7556}") = "CommunityToolkit.Aspire.Hosting.Ollama.AppHost", "examples\ollama\CommunityToolkit.Aspire.Hosting.Ollama.AppHost\CommunityToolkit.Aspire.Hosting.Ollama.AppHost.csproj", "{F4602DC8-3C17-4834-B640-9A3B27FE278A}"
EndProject
Project("{9A19103F-16F7-4668-BE54-9A1E7A4F7556}") = "CommunityToolkit.Aspire.Hosting.Ollama.ServiceDefaults", "examples\ollama\CommunityToolkit.Aspire.Hosting.Ollama.ServiceDefaults\CommunityToolkit.Aspire.Hosting.Ollama.ServiceDefaults.csproj", "{2F037600-2002-4A13-9359-98FB0D2416BE}"
EndProject
Project("{9A19103F-16F7-4668-BE54-9A1E7A4F7556}") = "CommunityToolkit.Aspire.Hosting.Ollama.Web", "examples\ollama\CommunityToolkit.Aspire.Hosting.Ollama.Web\CommunityToolkit.Aspire.Hosting.Ollama.Web.csproj", "{0A17021E-5F10-429B-88C8-E4073EADACB6}"
EndProject
Project("{9A19103F-16F7-4668-BE54-9A1E7A4F7556}") = "CommunityToolkit.Aspire.Hosting.Meilisearch", "src\CommunityToolkit.Aspire.Hosting.Meilisearch\CommunityToolkit.Aspire.Hosting.Meilisearch.csproj", "{7BE7C12A-AE0A-4D0B-A076-325AD6E02475}"
EndProject
Project("{9A19103F-16F7-4668-BE54-9A1E7A4F7556}") = "CommunityToolkit.Aspire.Meilisearch", "src\CommunityToolkit.Aspire.Meilisearch\CommunityToolkit.Aspire.Meilisearch.csproj", "{93031B72-2045-48C6-9585-DC7FA0BA967B}"
EndProject
Project("{9A19103F-16F7-4668-BE54-9A1E7A4F7556}") = "CommunityToolkit.Aspire.Hosting.Golang", "src\CommunityToolkit.Aspire.Hosting.Golang\CommunityToolkit.Aspire.Hosting.Golang.csproj", "{93789F1B-0539-49B5-A585-9F6EF9E88264}"
EndProject
Project("{2150E333-8FDC-42A3-9474-1A3956D46DE8}") = "golang", "golang", "{03950661-2B1F-48F4-91D2-1E6395B710C2}"
EndProject
Project("{9A19103F-16F7-4668-BE54-9A1E7A4F7556}") = "CommunityToolkit.Aspire.Hosting.Golang.AppHost", "examples\golang\CommunityToolkit.Aspire.Hosting.Golang.AppHost\CommunityToolkit.Aspire.Hosting.Golang.AppHost.csproj", "{3A03552A-252D-4E86-A8D7-135579AAEB85}"
EndProject
Project("{9A19103F-16F7-4668-BE54-9A1E7A4F7556}") = "CommunityToolkit.Aspire.Hosting.Golang.ServiceDefaults", "examples\golang\CommunityToolkit.Aspire.Hosting.Golang.ServiceDefaults\CommunityToolkit.Aspire.Hosting.Golang.ServiceDefaults.csproj", "{C60BCC90-BAEE-4678-ACC9-11553AA64249}"
EndProject
Project("{9A19103F-16F7-4668-BE54-9A1E7A4F7556}") = "CommunityToolkit.Aspire.Hosting.Golang.Tests", "tests\CommunityToolkit.Aspire.Hosting.Golang.Tests\CommunityToolkit.Aspire.Hosting.Golang.Tests.csproj", "{0294714B-A1CC-4F8E-8935-315B3499638F}"
EndProject
Project("{9A19103F-16F7-4668-BE54-9A1E7A4F7556}") = "CommunityToolkit.Aspire.OllamaSharp", "src\CommunityToolkit.Aspire.OllamaSharp\CommunityToolkit.Aspire.OllamaSharp.csproj", "{22D81BC2-2659-483A-B7AC-8FCA086A99A7}"
EndProject
Project("{9A19103F-16F7-4668-BE54-9A1E7A4F7556}") = "CommunityToolkit.Aspire.OllamaSharp.Tests", "tests\CommunityToolkit.Aspire.OllamaSharp.Tests\CommunityToolkit.Aspire.OllamaSharp.Tests.csproj", "{B170B19B-3FFA-4F71-AF12-A1E3955A0F8E}"
EndProject
Project("{9A19103F-16F7-4668-BE54-9A1E7A4F7556}") = "CommunityToolkit.Aspire.Hosting.Meilisearch.Tests", "tests\CommunityToolkit.Aspire.Hosting.Meilisearch\CommunityToolkit.Aspire.Hosting.Meilisearch.Tests.csproj", "{C715669D-FBDE-4BFF-B9A3-75615D3C179A}"
EndProject
Project("{9A19103F-16F7-4668-BE54-9A1E7A4F7556}") = "CommunityToolkit.Aspire.Meilisearch.Tests", "tests\CommunityToolkit.Aspire.Meilisearch.Tests\CommunityToolkit.Aspire.Meilisearch.Tests.csproj", "{0AACC135-9624-423D-8988-69701C0FE428}"
EndProject
Project("{2150E333-8FDC-42A3-9474-1A3956D46DE8}") = "meilisearch", "meilisearch", "{561CEB82-3D97-49D0-932E-664E6779FC61}"
EndProject
Project("{9A19103F-16F7-4668-BE54-9A1E7A4F7556}") = "CommunityToolkit.Aspire.Hosting.Meilisearch.AppHost", "examples\meilisearch\CommunityToolkit.Aspire.Hosting.Meilisearch.AppHost\CommunityToolkit.Aspire.Hosting.Meilisearch.AppHost.csproj", "{6B9357F7-014F-4725-AF3E-0B8EA17B62C5}"
EndProject
Project("{9A19103F-16F7-4668-BE54-9A1E7A4F7556}") = "CommunityToolkit.Aspire.Hosting.Meilisearch.ServiceDefaults", "examples\meilisearch\CommunityToolkit.Aspire.Hosting.Meilisearch.ServiceDefaults\CommunityToolkit.Aspire.Hosting.Meilisearch.ServiceDefaults.csproj", "{E4E93A24-0A97-419F-836C-EAA23D0FFF81}"
EndProject
Project("{9A19103F-16F7-4668-BE54-9A1E7A4F7556}") = "CommunityToolkit.Aspire.Hosting.Meilisearch.ApiService", "examples\meilisearch\CommunityToolkit.Aspire.Hosting.Meilisearch.ApiService\CommunityToolkit.Aspire.Hosting.Meilisearch.ApiService.csproj", "{F6A9CC5C-91A2-4AAB-AEC9-8007A62A081E}"
EndProject
Project("{9A19103F-16F7-4668-BE54-9A1E7A4F7556}") = "CommunityToolkit.Aspire.Marten", "src\CommunityToolkit.Aspire.Marten\CommunityToolkit.Aspire.Marten.csproj", "{DFF1D3F3-31D3-44EA-ADB9-4BD7F7AF626D}"
EndProject
Project("{9A19103F-16F7-4668-BE54-9A1E7A4F7556}") = "CommunityToolkit.Aspire.Marten.Tests", "tests\CommunityToolkit.Aspire.Marten.Tests\CommunityToolkit.Aspire.Marten.Tests.csproj", "{8FC3E08E-8CEF-4D9A-9013-0B6AFE1BB05B}"
EndProject
Project("{2150E333-8FDC-42A3-9474-1A3956D46DE8}") = "marten", "marten", "{89330EB0-DD97-43F1-93AE-8CAAD820F3D5}"
EndProject
Project("{9A19103F-16F7-4668-BE54-9A1E7A4F7556}") = "CommunityToolkit.Aspire.Marten.AppHost", "examples\marten\CommunityToolkit.Aspire.Marten.AppHost\CommunityToolkit.Aspire.Marten.AppHost.csproj", "{49669F3F-A5E4-4ABD-8CAE-C14E9D5C70B3}"
EndProject
Project("{9A19103F-16F7-4668-BE54-9A1E7A4F7556}") = "CommunityToolkit.Aspire.Marten.ApiService", "examples\marten\CommunityToolkit.Aspire.Marten.ApiService\CommunityToolkit.Aspire.Marten.ApiService.csproj", "{E022414D-36D8-436A-A66A-BEE337FEA712}"
EndProject
Project("{FAE04EC0-301F-11D3-BF4B-00C04F79EFBC}") = "CommunityToolkit.Aspire.Marten.ServiceDefaults", "examples\marten\CommunityToolkit.Aspire.Marten.ServiceDefaults\CommunityToolkit.Aspire.Marten.ServiceDefaults.csproj", "{67CEEED4-72DA-4B09-93CE-D4313E3F410D}"
Project("{2150E333-8FDC-42A3-9474-1A3956D46DE8}") = "deno", "deno", "{B63EBC68-9A38-41C0-826E-95CD14B067A4}"
EndProject
Project("{9A19103F-16F7-4668-BE54-9A1E7A4F7556}") = "CommunityToolkit.Aspire.Hosting.Deno.Tests", "tests\CommunityToolkit.Aspire.Hosting.Deno.Tests\CommunityToolkit.Aspire.Hosting.Deno.Tests.csproj", "{A92E70F9-8028-4E0C-B167-884E1E56854F}"
EndProject
Project("{9A19103F-16F7-4668-BE54-9A1E7A4F7556}") = "CommunityToolkit.Aspire.Hosting.Deno", "src\CommunityToolkit.Aspire.Hosting.Deno\CommunityToolkit.Aspire.Hosting.Deno.csproj", "{259D0D48-C856-47C8-8014-66CE9A7C353F}"
EndProject
Project("{FAE04EC0-301F-11D3-BF4B-00C04F79EFBC}") = "CommunityToolkit.Aspire.Hosting.Deno.AppHost", "examples\deno\CommunityToolkit.Aspire.Hosting.Deno.AppHost\CommunityToolkit.Aspire.Hosting.Deno.AppHost.csproj", "{6DFA84B9-71DB-4EDC-AA71-C0542D6ECCCC}"
EndProject
Global
	GlobalSection(SolutionConfigurationPlatforms) = preSolution
		Debug|Any CPU = Debug|Any CPU
		Release|Any CPU = Release|Any CPU
	EndGlobalSection
	GlobalSection(ProjectConfigurationPlatforms) = postSolution
		{DAA67050-44B3-458F-9818-5877D606866A}.Debug|Any CPU.ActiveCfg = Debug|Any CPU
		{DAA67050-44B3-458F-9818-5877D606866A}.Debug|Any CPU.Build.0 = Debug|Any CPU
		{DAA67050-44B3-458F-9818-5877D606866A}.Release|Any CPU.ActiveCfg = Release|Any CPU
		{DAA67050-44B3-458F-9818-5877D606866A}.Release|Any CPU.Build.0 = Release|Any CPU
		{125DFA83-328D-4F8B-91EC-3057FFF410BE}.Debug|Any CPU.ActiveCfg = Debug|Any CPU
		{125DFA83-328D-4F8B-91EC-3057FFF410BE}.Debug|Any CPU.Build.0 = Debug|Any CPU
		{125DFA83-328D-4F8B-91EC-3057FFF410BE}.Release|Any CPU.ActiveCfg = Release|Any CPU
		{125DFA83-328D-4F8B-91EC-3057FFF410BE}.Release|Any CPU.Build.0 = Release|Any CPU
		{3D767C8C-7E04-4264-B4E9-13600650D2B1}.Debug|Any CPU.ActiveCfg = Debug|Any CPU
		{3D767C8C-7E04-4264-B4E9-13600650D2B1}.Debug|Any CPU.Build.0 = Debug|Any CPU
		{3D767C8C-7E04-4264-B4E9-13600650D2B1}.Release|Any CPU.ActiveCfg = Release|Any CPU
		{3D767C8C-7E04-4264-B4E9-13600650D2B1}.Release|Any CPU.Build.0 = Release|Any CPU
		{34602A2D-24B2-47C0-9678-F1F7CD6C8C6D}.Debug|Any CPU.ActiveCfg = Debug|Any CPU
		{34602A2D-24B2-47C0-9678-F1F7CD6C8C6D}.Debug|Any CPU.Build.0 = Debug|Any CPU
		{34602A2D-24B2-47C0-9678-F1F7CD6C8C6D}.Release|Any CPU.ActiveCfg = Release|Any CPU
		{34602A2D-24B2-47C0-9678-F1F7CD6C8C6D}.Release|Any CPU.Build.0 = Release|Any CPU
		{55AC8E7E-DA0A-489D-8059-4E7190C9EEBF}.Debug|Any CPU.ActiveCfg = Debug|Any CPU
		{55AC8E7E-DA0A-489D-8059-4E7190C9EEBF}.Debug|Any CPU.Build.0 = Debug|Any CPU
		{55AC8E7E-DA0A-489D-8059-4E7190C9EEBF}.Release|Any CPU.ActiveCfg = Release|Any CPU
		{55AC8E7E-DA0A-489D-8059-4E7190C9EEBF}.Release|Any CPU.Build.0 = Release|Any CPU
		{BBAFA814-1026-4A39-AA28-BCAE3951A224}.Debug|Any CPU.ActiveCfg = Debug|Any CPU
		{BBAFA814-1026-4A39-AA28-BCAE3951A224}.Debug|Any CPU.Build.0 = Debug|Any CPU
		{BBAFA814-1026-4A39-AA28-BCAE3951A224}.Release|Any CPU.ActiveCfg = Release|Any CPU
		{BBAFA814-1026-4A39-AA28-BCAE3951A224}.Release|Any CPU.Build.0 = Release|Any CPU
		{E2905A71-E25D-46FC-A128-D6A366D4D751}.Debug|Any CPU.ActiveCfg = Debug|Any CPU
		{E2905A71-E25D-46FC-A128-D6A366D4D751}.Debug|Any CPU.Build.0 = Debug|Any CPU
		{E2905A71-E25D-46FC-A128-D6A366D4D751}.Release|Any CPU.ActiveCfg = Release|Any CPU
		{E2905A71-E25D-46FC-A128-D6A366D4D751}.Release|Any CPU.Build.0 = Release|Any CPU
		{1B55E682-B518-4E59-8972-07C82ED5A677}.Debug|Any CPU.ActiveCfg = Debug|Any CPU
		{1B55E682-B518-4E59-8972-07C82ED5A677}.Debug|Any CPU.Build.0 = Debug|Any CPU
		{1B55E682-B518-4E59-8972-07C82ED5A677}.Release|Any CPU.ActiveCfg = Release|Any CPU
		{1B55E682-B518-4E59-8972-07C82ED5A677}.Release|Any CPU.Build.0 = Release|Any CPU
		{4C1D5422-4C52-4603-A01A-E1E6304633EC}.Debug|Any CPU.ActiveCfg = Debug|Any CPU
		{4C1D5422-4C52-4603-A01A-E1E6304633EC}.Debug|Any CPU.Build.0 = Debug|Any CPU
		{4C1D5422-4C52-4603-A01A-E1E6304633EC}.Release|Any CPU.ActiveCfg = Release|Any CPU
		{4C1D5422-4C52-4603-A01A-E1E6304633EC}.Release|Any CPU.Build.0 = Release|Any CPU
		{C083A377-13CA-47C1-8B17-1FE353EA76F0}.Debug|Any CPU.ActiveCfg = Debug|Any CPU
		{C083A377-13CA-47C1-8B17-1FE353EA76F0}.Debug|Any CPU.Build.0 = Debug|Any CPU
		{C083A377-13CA-47C1-8B17-1FE353EA76F0}.Release|Any CPU.ActiveCfg = Release|Any CPU
		{C083A377-13CA-47C1-8B17-1FE353EA76F0}.Release|Any CPU.Build.0 = Release|Any CPU
		{BAEA0F6F-39E9-4893-8787-C4D292D3B169}.Debug|Any CPU.ActiveCfg = Debug|Any CPU
		{BAEA0F6F-39E9-4893-8787-C4D292D3B169}.Debug|Any CPU.Build.0 = Debug|Any CPU
		{BAEA0F6F-39E9-4893-8787-C4D292D3B169}.Release|Any CPU.ActiveCfg = Release|Any CPU
		{BAEA0F6F-39E9-4893-8787-C4D292D3B169}.Release|Any CPU.Build.0 = Release|Any CPU
		{83FF8083-7EE2-4196-86A8-239F921B443C}.Debug|Any CPU.ActiveCfg = Debug|Any CPU
		{83FF8083-7EE2-4196-86A8-239F921B443C}.Debug|Any CPU.Build.0 = Debug|Any CPU
		{83FF8083-7EE2-4196-86A8-239F921B443C}.Release|Any CPU.ActiveCfg = Release|Any CPU
		{83FF8083-7EE2-4196-86A8-239F921B443C}.Release|Any CPU.Build.0 = Release|Any CPU
		{1F299343-30DF-4599-A95D-BCFB1754DA48}.Debug|Any CPU.ActiveCfg = Debug|Any CPU
		{1F299343-30DF-4599-A95D-BCFB1754DA48}.Debug|Any CPU.Build.0 = Debug|Any CPU
		{1F299343-30DF-4599-A95D-BCFB1754DA48}.Release|Any CPU.ActiveCfg = Release|Any CPU
		{1F299343-30DF-4599-A95D-BCFB1754DA48}.Release|Any CPU.Build.0 = Release|Any CPU
		{D3F5EF2B-CE37-4339-A8BD-50E6C5B2AFA1}.Debug|Any CPU.ActiveCfg = Debug|Any CPU
		{D3F5EF2B-CE37-4339-A8BD-50E6C5B2AFA1}.Debug|Any CPU.Build.0 = Debug|Any CPU
		{D3F5EF2B-CE37-4339-A8BD-50E6C5B2AFA1}.Release|Any CPU.ActiveCfg = Release|Any CPU
		{D3F5EF2B-CE37-4339-A8BD-50E6C5B2AFA1}.Release|Any CPU.Build.0 = Release|Any CPU
		{E8F93376-1367-4A7B-A729-116199804356}.Debug|Any CPU.ActiveCfg = Debug|Any CPU
		{E8F93376-1367-4A7B-A729-116199804356}.Debug|Any CPU.Build.0 = Debug|Any CPU
		{E8F93376-1367-4A7B-A729-116199804356}.Release|Any CPU.ActiveCfg = Release|Any CPU
		{E8F93376-1367-4A7B-A729-116199804356}.Release|Any CPU.Build.0 = Release|Any CPU
		{6C6696CB-8DCC-4E93-A667-A313D70E0220}.Debug|Any CPU.ActiveCfg = Debug|Any CPU
		{6C6696CB-8DCC-4E93-A667-A313D70E0220}.Debug|Any CPU.Build.0 = Debug|Any CPU
		{6C6696CB-8DCC-4E93-A667-A313D70E0220}.Release|Any CPU.ActiveCfg = Release|Any CPU
		{6C6696CB-8DCC-4E93-A667-A313D70E0220}.Release|Any CPU.Build.0 = Release|Any CPU
		{1DB27FA0-E7E4-42C1-B062-4DE0128D4FA1}.Debug|Any CPU.ActiveCfg = Debug|Any CPU
		{1DB27FA0-E7E4-42C1-B062-4DE0128D4FA1}.Debug|Any CPU.Build.0 = Debug|Any CPU
		{1DB27FA0-E7E4-42C1-B062-4DE0128D4FA1}.Release|Any CPU.ActiveCfg = Release|Any CPU
		{1DB27FA0-E7E4-42C1-B062-4DE0128D4FA1}.Release|Any CPU.Build.0 = Release|Any CPU
		{F4602DC8-3C17-4834-B640-9A3B27FE278A}.Debug|Any CPU.ActiveCfg = Debug|Any CPU
		{F4602DC8-3C17-4834-B640-9A3B27FE278A}.Debug|Any CPU.Build.0 = Debug|Any CPU
		{F4602DC8-3C17-4834-B640-9A3B27FE278A}.Release|Any CPU.ActiveCfg = Release|Any CPU
		{F4602DC8-3C17-4834-B640-9A3B27FE278A}.Release|Any CPU.Build.0 = Release|Any CPU
		{2F037600-2002-4A13-9359-98FB0D2416BE}.Debug|Any CPU.ActiveCfg = Debug|Any CPU
		{2F037600-2002-4A13-9359-98FB0D2416BE}.Debug|Any CPU.Build.0 = Debug|Any CPU
		{2F037600-2002-4A13-9359-98FB0D2416BE}.Release|Any CPU.ActiveCfg = Release|Any CPU
		{2F037600-2002-4A13-9359-98FB0D2416BE}.Release|Any CPU.Build.0 = Release|Any CPU
		{0A17021E-5F10-429B-88C8-E4073EADACB6}.Debug|Any CPU.ActiveCfg = Debug|Any CPU
		{0A17021E-5F10-429B-88C8-E4073EADACB6}.Debug|Any CPU.Build.0 = Debug|Any CPU
		{0A17021E-5F10-429B-88C8-E4073EADACB6}.Release|Any CPU.ActiveCfg = Release|Any CPU
		{0A17021E-5F10-429B-88C8-E4073EADACB6}.Release|Any CPU.Build.0 = Release|Any CPU
		{7BE7C12A-AE0A-4D0B-A076-325AD6E02475}.Debug|Any CPU.ActiveCfg = Debug|Any CPU
		{7BE7C12A-AE0A-4D0B-A076-325AD6E02475}.Debug|Any CPU.Build.0 = Debug|Any CPU
		{7BE7C12A-AE0A-4D0B-A076-325AD6E02475}.Release|Any CPU.ActiveCfg = Release|Any CPU
		{7BE7C12A-AE0A-4D0B-A076-325AD6E02475}.Release|Any CPU.Build.0 = Release|Any CPU
		{93031B72-2045-48C6-9585-DC7FA0BA967B}.Debug|Any CPU.ActiveCfg = Debug|Any CPU
		{93031B72-2045-48C6-9585-DC7FA0BA967B}.Debug|Any CPU.Build.0 = Debug|Any CPU
		{93031B72-2045-48C6-9585-DC7FA0BA967B}.Release|Any CPU.ActiveCfg = Release|Any CPU
		{93031B72-2045-48C6-9585-DC7FA0BA967B}.Release|Any CPU.Build.0 = Release|Any CPU
		{93789F1B-0539-49B5-A585-9F6EF9E88264}.Debug|Any CPU.ActiveCfg = Debug|Any CPU
		{93789F1B-0539-49B5-A585-9F6EF9E88264}.Debug|Any CPU.Build.0 = Debug|Any CPU
		{93789F1B-0539-49B5-A585-9F6EF9E88264}.Release|Any CPU.ActiveCfg = Release|Any CPU
		{93789F1B-0539-49B5-A585-9F6EF9E88264}.Release|Any CPU.Build.0 = Release|Any CPU
		{3A03552A-252D-4E86-A8D7-135579AAEB85}.Debug|Any CPU.ActiveCfg = Debug|Any CPU
		{3A03552A-252D-4E86-A8D7-135579AAEB85}.Debug|Any CPU.Build.0 = Debug|Any CPU
		{3A03552A-252D-4E86-A8D7-135579AAEB85}.Release|Any CPU.ActiveCfg = Release|Any CPU
		{3A03552A-252D-4E86-A8D7-135579AAEB85}.Release|Any CPU.Build.0 = Release|Any CPU
		{C60BCC90-BAEE-4678-ACC9-11553AA64249}.Debug|Any CPU.ActiveCfg = Debug|Any CPU
		{C60BCC90-BAEE-4678-ACC9-11553AA64249}.Debug|Any CPU.Build.0 = Debug|Any CPU
		{C60BCC90-BAEE-4678-ACC9-11553AA64249}.Release|Any CPU.ActiveCfg = Release|Any CPU
		{C60BCC90-BAEE-4678-ACC9-11553AA64249}.Release|Any CPU.Build.0 = Release|Any CPU
		{0294714B-A1CC-4F8E-8935-315B3499638F}.Debug|Any CPU.ActiveCfg = Debug|Any CPU
		{0294714B-A1CC-4F8E-8935-315B3499638F}.Debug|Any CPU.Build.0 = Debug|Any CPU
		{0294714B-A1CC-4F8E-8935-315B3499638F}.Release|Any CPU.ActiveCfg = Release|Any CPU
		{0294714B-A1CC-4F8E-8935-315B3499638F}.Release|Any CPU.Build.0 = Release|Any CPU
		{22D81BC2-2659-483A-B7AC-8FCA086A99A7}.Debug|Any CPU.ActiveCfg = Debug|Any CPU
		{22D81BC2-2659-483A-B7AC-8FCA086A99A7}.Debug|Any CPU.Build.0 = Debug|Any CPU
		{22D81BC2-2659-483A-B7AC-8FCA086A99A7}.Release|Any CPU.ActiveCfg = Release|Any CPU
		{22D81BC2-2659-483A-B7AC-8FCA086A99A7}.Release|Any CPU.Build.0 = Release|Any CPU
		{B170B19B-3FFA-4F71-AF12-A1E3955A0F8E}.Debug|Any CPU.ActiveCfg = Debug|Any CPU
		{B170B19B-3FFA-4F71-AF12-A1E3955A0F8E}.Debug|Any CPU.Build.0 = Debug|Any CPU
		{B170B19B-3FFA-4F71-AF12-A1E3955A0F8E}.Release|Any CPU.ActiveCfg = Release|Any CPU
		{B170B19B-3FFA-4F71-AF12-A1E3955A0F8E}.Release|Any CPU.Build.0 = Release|Any CPU
		{C715669D-FBDE-4BFF-B9A3-75615D3C179A}.Debug|Any CPU.ActiveCfg = Debug|Any CPU
		{C715669D-FBDE-4BFF-B9A3-75615D3C179A}.Debug|Any CPU.Build.0 = Debug|Any CPU
		{C715669D-FBDE-4BFF-B9A3-75615D3C179A}.Release|Any CPU.ActiveCfg = Release|Any CPU
		{C715669D-FBDE-4BFF-B9A3-75615D3C179A}.Release|Any CPU.Build.0 = Release|Any CPU
		{0AACC135-9624-423D-8988-69701C0FE428}.Debug|Any CPU.ActiveCfg = Debug|Any CPU
		{0AACC135-9624-423D-8988-69701C0FE428}.Debug|Any CPU.Build.0 = Debug|Any CPU
		{0AACC135-9624-423D-8988-69701C0FE428}.Release|Any CPU.ActiveCfg = Release|Any CPU
		{0AACC135-9624-423D-8988-69701C0FE428}.Release|Any CPU.Build.0 = Release|Any CPU
		{6B9357F7-014F-4725-AF3E-0B8EA17B62C5}.Debug|Any CPU.ActiveCfg = Debug|Any CPU
		{6B9357F7-014F-4725-AF3E-0B8EA17B62C5}.Debug|Any CPU.Build.0 = Debug|Any CPU
		{6B9357F7-014F-4725-AF3E-0B8EA17B62C5}.Release|Any CPU.ActiveCfg = Release|Any CPU
		{6B9357F7-014F-4725-AF3E-0B8EA17B62C5}.Release|Any CPU.Build.0 = Release|Any CPU
		{E4E93A24-0A97-419F-836C-EAA23D0FFF81}.Debug|Any CPU.ActiveCfg = Debug|Any CPU
		{E4E93A24-0A97-419F-836C-EAA23D0FFF81}.Debug|Any CPU.Build.0 = Debug|Any CPU
		{E4E93A24-0A97-419F-836C-EAA23D0FFF81}.Release|Any CPU.ActiveCfg = Release|Any CPU
		{E4E93A24-0A97-419F-836C-EAA23D0FFF81}.Release|Any CPU.Build.0 = Release|Any CPU
		{F6A9CC5C-91A2-4AAB-AEC9-8007A62A081E}.Debug|Any CPU.ActiveCfg = Debug|Any CPU
		{F6A9CC5C-91A2-4AAB-AEC9-8007A62A081E}.Debug|Any CPU.Build.0 = Debug|Any CPU
		{F6A9CC5C-91A2-4AAB-AEC9-8007A62A081E}.Release|Any CPU.ActiveCfg = Release|Any CPU
		{F6A9CC5C-91A2-4AAB-AEC9-8007A62A081E}.Release|Any CPU.Build.0 = Release|Any CPU
		{DFF1D3F3-31D3-44EA-ADB9-4BD7F7AF626D}.Debug|Any CPU.ActiveCfg = Debug|Any CPU
		{DFF1D3F3-31D3-44EA-ADB9-4BD7F7AF626D}.Debug|Any CPU.Build.0 = Debug|Any CPU
		{DFF1D3F3-31D3-44EA-ADB9-4BD7F7AF626D}.Release|Any CPU.ActiveCfg = Release|Any CPU
		{DFF1D3F3-31D3-44EA-ADB9-4BD7F7AF626D}.Release|Any CPU.Build.0 = Release|Any CPU
		{8FC3E08E-8CEF-4D9A-9013-0B6AFE1BB05B}.Debug|Any CPU.ActiveCfg = Debug|Any CPU
		{8FC3E08E-8CEF-4D9A-9013-0B6AFE1BB05B}.Debug|Any CPU.Build.0 = Debug|Any CPU
		{8FC3E08E-8CEF-4D9A-9013-0B6AFE1BB05B}.Release|Any CPU.ActiveCfg = Release|Any CPU
		{8FC3E08E-8CEF-4D9A-9013-0B6AFE1BB05B}.Release|Any CPU.Build.0 = Release|Any CPU
		{49669F3F-A5E4-4ABD-8CAE-C14E9D5C70B3}.Debug|Any CPU.ActiveCfg = Debug|Any CPU
		{49669F3F-A5E4-4ABD-8CAE-C14E9D5C70B3}.Debug|Any CPU.Build.0 = Debug|Any CPU
		{49669F3F-A5E4-4ABD-8CAE-C14E9D5C70B3}.Release|Any CPU.ActiveCfg = Release|Any CPU
		{49669F3F-A5E4-4ABD-8CAE-C14E9D5C70B3}.Release|Any CPU.Build.0 = Release|Any CPU
		{E022414D-36D8-436A-A66A-BEE337FEA712}.Debug|Any CPU.ActiveCfg = Debug|Any CPU
		{E022414D-36D8-436A-A66A-BEE337FEA712}.Debug|Any CPU.Build.0 = Debug|Any CPU
		{E022414D-36D8-436A-A66A-BEE337FEA712}.Release|Any CPU.ActiveCfg = Release|Any CPU
		{E022414D-36D8-436A-A66A-BEE337FEA712}.Release|Any CPU.Build.0 = Release|Any CPU
		{67CEEED4-72DA-4B09-93CE-D4313E3F410D}.Debug|Any CPU.ActiveCfg = Debug|Any CPU
		{67CEEED4-72DA-4B09-93CE-D4313E3F410D}.Debug|Any CPU.Build.0 = Debug|Any CPU
		{67CEEED4-72DA-4B09-93CE-D4313E3F410D}.Release|Any CPU.ActiveCfg = Release|Any CPU
		{67CEEED4-72DA-4B09-93CE-D4313E3F410D}.Release|Any CPU.Build.0 = Release|Any CPU
		{A92E70F9-8028-4E0C-B167-884E1E56854F}.Debug|Any CPU.ActiveCfg = Debug|Any CPU
		{A92E70F9-8028-4E0C-B167-884E1E56854F}.Debug|Any CPU.Build.0 = Debug|Any CPU
		{A92E70F9-8028-4E0C-B167-884E1E56854F}.Release|Any CPU.ActiveCfg = Release|Any CPU
		{A92E70F9-8028-4E0C-B167-884E1E56854F}.Release|Any CPU.Build.0 = Release|Any CPU
		{259D0D48-C856-47C8-8014-66CE9A7C353F}.Debug|Any CPU.ActiveCfg = Debug|Any CPU
		{259D0D48-C856-47C8-8014-66CE9A7C353F}.Debug|Any CPU.Build.0 = Debug|Any CPU
		{259D0D48-C856-47C8-8014-66CE9A7C353F}.Release|Any CPU.ActiveCfg = Release|Any CPU
		{259D0D48-C856-47C8-8014-66CE9A7C353F}.Release|Any CPU.Build.0 = Release|Any CPU
		{6DFA84B9-71DB-4EDC-AA71-C0542D6ECCCC}.Debug|Any CPU.ActiveCfg = Debug|Any CPU
		{6DFA84B9-71DB-4EDC-AA71-C0542D6ECCCC}.Debug|Any CPU.Build.0 = Debug|Any CPU
		{6DFA84B9-71DB-4EDC-AA71-C0542D6ECCCC}.Release|Any CPU.ActiveCfg = Release|Any CPU
		{6DFA84B9-71DB-4EDC-AA71-C0542D6ECCCC}.Release|Any CPU.Build.0 = Release|Any CPU
	EndGlobalSection
	GlobalSection(SolutionProperties) = preSolution
		HideSolutionNode = FALSE
	EndGlobalSection
	GlobalSection(NestedProjects) = preSolution
		{DAA67050-44B3-458F-9818-5877D606866A} = {414151D4-7009-4E78-A5C6-D99EBD1E67D1}
		{125DFA83-328D-4F8B-91EC-3057FFF410BE} = {414151D4-7009-4E78-A5C6-D99EBD1E67D1}
		{F120E99A-FB2A-4C3B-B588-9B7ED1CD4E8A} = {8519CC01-1370-47C8-AD94-B0F326B1563F}
		{3D767C8C-7E04-4264-B4E9-13600650D2B1} = {F120E99A-FB2A-4C3B-B588-9B7ED1CD4E8A}
		{34602A2D-24B2-47C0-9678-F1F7CD6C8C6D} = {F120E99A-FB2A-4C3B-B588-9B7ED1CD4E8A}
		{55AC8E7E-DA0A-489D-8059-4E7190C9EEBF} = {F120E99A-FB2A-4C3B-B588-9B7ED1CD4E8A}
		{BBAFA814-1026-4A39-AA28-BCAE3951A224} = {F120E99A-FB2A-4C3B-B588-9B7ED1CD4E8A}
		{E2905A71-E25D-46FC-A128-D6A366D4D751} = {899F0713-7FC6-4750-BAFC-AC650B35B453}
		{1B55E682-B518-4E59-8972-07C82ED5A677} = {899F0713-7FC6-4750-BAFC-AC650B35B453}
		{4C1D5422-4C52-4603-A01A-E1E6304633EC} = {899F0713-7FC6-4750-BAFC-AC650B35B453}
		{564FA6A0-EC54-41C6-A35F-89890E1D06E3} = {8519CC01-1370-47C8-AD94-B0F326B1563F}
		{C083A377-13CA-47C1-8B17-1FE353EA76F0} = {564FA6A0-EC54-41C6-A35F-89890E1D06E3}
		{BAEA0F6F-39E9-4893-8787-C4D292D3B169} = {564FA6A0-EC54-41C6-A35F-89890E1D06E3}
		{83FF8083-7EE2-4196-86A8-239F921B443C} = {564FA6A0-EC54-41C6-A35F-89890E1D06E3}
		{1F299343-30DF-4599-A95D-BCFB1754DA48} = {414151D4-7009-4E78-A5C6-D99EBD1E67D1}
		{261AC321-8982-4C3A-8DBF-DAFC95F97697} = {8519CC01-1370-47C8-AD94-B0F326B1563F}
		{D3F5EF2B-CE37-4339-A8BD-50E6C5B2AFA1} = {261AC321-8982-4C3A-8DBF-DAFC95F97697}
		{E8F93376-1367-4A7B-A729-116199804356} = {899F0713-7FC6-4750-BAFC-AC650B35B453}
		{6C6696CB-8DCC-4E93-A667-A313D70E0220} = {414151D4-7009-4E78-A5C6-D99EBD1E67D1}
		{1DB27FA0-E7E4-42C1-B062-4DE0128D4FA1} = {899F0713-7FC6-4750-BAFC-AC650B35B453}
		{14BD8AE7-C8DF-4C7C-8244-7F74C101569D} = {8519CC01-1370-47C8-AD94-B0F326B1563F}
		{F4602DC8-3C17-4834-B640-9A3B27FE278A} = {14BD8AE7-C8DF-4C7C-8244-7F74C101569D}
		{2F037600-2002-4A13-9359-98FB0D2416BE} = {14BD8AE7-C8DF-4C7C-8244-7F74C101569D}
		{0A17021E-5F10-429B-88C8-E4073EADACB6} = {14BD8AE7-C8DF-4C7C-8244-7F74C101569D}
		{7BE7C12A-AE0A-4D0B-A076-325AD6E02475} = {414151D4-7009-4E78-A5C6-D99EBD1E67D1}
		{93031B72-2045-48C6-9585-DC7FA0BA967B} = {414151D4-7009-4E78-A5C6-D99EBD1E67D1}
		{93789F1B-0539-49B5-A585-9F6EF9E88264} = {414151D4-7009-4E78-A5C6-D99EBD1E67D1}
		{03950661-2B1F-48F4-91D2-1E6395B710C2} = {8519CC01-1370-47C8-AD94-B0F326B1563F}
		{3A03552A-252D-4E86-A8D7-135579AAEB85} = {03950661-2B1F-48F4-91D2-1E6395B710C2}
		{C60BCC90-BAEE-4678-ACC9-11553AA64249} = {03950661-2B1F-48F4-91D2-1E6395B710C2}
		{0294714B-A1CC-4F8E-8935-315B3499638F} = {899F0713-7FC6-4750-BAFC-AC650B35B453}
		{22D81BC2-2659-483A-B7AC-8FCA086A99A7} = {414151D4-7009-4E78-A5C6-D99EBD1E67D1}
		{B170B19B-3FFA-4F71-AF12-A1E3955A0F8E} = {899F0713-7FC6-4750-BAFC-AC650B35B453}
		{C715669D-FBDE-4BFF-B9A3-75615D3C179A} = {899F0713-7FC6-4750-BAFC-AC650B35B453}
		{0AACC135-9624-423D-8988-69701C0FE428} = {899F0713-7FC6-4750-BAFC-AC650B35B453}
		{561CEB82-3D97-49D0-932E-664E6779FC61} = {8519CC01-1370-47C8-AD94-B0F326B1563F}
		{6B9357F7-014F-4725-AF3E-0B8EA17B62C5} = {561CEB82-3D97-49D0-932E-664E6779FC61}
		{E4E93A24-0A97-419F-836C-EAA23D0FFF81} = {561CEB82-3D97-49D0-932E-664E6779FC61}
		{F6A9CC5C-91A2-4AAB-AEC9-8007A62A081E} = {561CEB82-3D97-49D0-932E-664E6779FC61}
		{DFF1D3F3-31D3-44EA-ADB9-4BD7F7AF626D} = {414151D4-7009-4E78-A5C6-D99EBD1E67D1}
		{8FC3E08E-8CEF-4D9A-9013-0B6AFE1BB05B} = {899F0713-7FC6-4750-BAFC-AC650B35B453}
		{89330EB0-DD97-43F1-93AE-8CAAD820F3D5} = {8519CC01-1370-47C8-AD94-B0F326B1563F}
		{49669F3F-A5E4-4ABD-8CAE-C14E9D5C70B3} = {89330EB0-DD97-43F1-93AE-8CAAD820F3D5}
		{E022414D-36D8-436A-A66A-BEE337FEA712} = {89330EB0-DD97-43F1-93AE-8CAAD820F3D5}
		{67CEEED4-72DA-4B09-93CE-D4313E3F410D} = {89330EB0-DD97-43F1-93AE-8CAAD820F3D5}
		{B63EBC68-9A38-41C0-826E-95CD14B067A4} = {8519CC01-1370-47C8-AD94-B0F326B1563F}
		{A92E70F9-8028-4E0C-B167-884E1E56854F} = {899F0713-7FC6-4750-BAFC-AC650B35B453}
		{259D0D48-C856-47C8-8014-66CE9A7C353F} = {414151D4-7009-4E78-A5C6-D99EBD1E67D1}
		{6DFA84B9-71DB-4EDC-AA71-C0542D6ECCCC} = {B63EBC68-9A38-41C0-826E-95CD14B067A4}
	EndGlobalSection
	GlobalSection(ExtensibilityGlobals) = postSolution
		SolutionGuid = {08B1D4B8-D2C5-4A64-BB8B-E1A2B29525F0}
	EndGlobalSection
EndGlobal
